# This file was autogenerated by Stack.
# You should not edit this file by hand.
# For more information, please see the documentation at:
#   https://docs.haskellstack.org/en/stable/lock_files

packages:
- completed:
    name: prosumma
    pantry-tree:
      sha256: 12ecaff6e134a79dfa1e415e5f2371c426c4e24267272bf3783bb27620524861
      size: 2925
    sha256: 9e070aa3069086d7d445801ed5f34cb2bd76ec86a9c9e9757ab726f38f825e5b
    size: 34922
    url: https://github.com/prosumma/hs-prosumma/archive/ce1ad586c18cc48951dddc42d361dda0415ca3ed.tar.gz
    version: 1.7.3.0
  original:
    url: https://github.com/prosumma/hs-prosumma/archive/ce1ad586c18cc48951dddc42d361dda0415ca3ed.tar.gz
snapshots:
- completed:
    sha256: 08bd13ce621b41a8f5e51456b38d5b46d7783ce114a50ab604d6bbab0d002146
    size: 720271
    url: https://raw.githubusercontent.com/commercialhaskell/stackage-snapshots/master/lts/22/43.yaml
  original: lts-22.43
